
Microsoft Visual Studio Solution File, Format Version 12.00
# Visual Studio 15
VisualStudioVersion = 15.0.27703.2042
MinimumVisualStudioVersion = 10.0.40219.1
Project("{9A19103F-16F7-4668-BE54-9A1E7A4F7556}") = "PlayerRespawnSystem", "PlayerRespawnSystem\PlayerRespawnSystem.csproj", "{CE7ABC0E-A8A2-4260-899A-4552AEF7204F}"
EndProject
Global
	GlobalSection(SolutionConfigurationPlatforms) = preSolution
		Debug|Any CPU = Debug|Any CPU
		Release|Any CPU = Release|Any CPU
	EndGlobalSection
	GlobalSection(ProjectConfigurationPlatforms) = postSolution
		{CE7ABC0E-A8A2-4260-899A-4552AEF7204F}.Debug|Any CPU.ActiveCfg = Debug|Any CPU
		{CE7ABC0E-A8A2-4260-899A-4552AEF7204F}.Debug|Any CPU.Build.0 = Debug|Any CPU
		{CE7ABC0E-A8A2-4260-899A-4552AEF7204F}.Release|Any CPU.ActiveCfg = Release|Any CPU
		{CE7ABC0E-A8A2-4260-899A-4552AEF7204F}.Release|Any CPU.Build.0 = Release|Any CPU
	EndGlobalSection
	GlobalSection(SolutionProperties) = preSolution
		HideSolutionNode = FALSE
	EndGlobalSection
	GlobalSection(ExtensibilityGlobals) = postSolution
		SolutionGuid = {A66B6800-B4D8-4D01-BE41-E35AE830DB2B}
	EndGlobalSection
EndGlobal
